
Microsoft Visual Studio Solution File, Format Version 12.00
# Visual Studio 14
VisualStudioVersion = 14.0.25420.1
MinimumVisualStudioVersion = 10.0.40219.1
Project("{FAE04EC0-301F-11D3-BF4B-00C04F79EFBC}") = "Platformer", "Platformer\Platformer.csproj", "{F1E8B022-195E-4E5E-BE29-7902E29BF2AE}"
EndProject
Global
	GlobalSection(SolutionConfigurationPlatforms) = preSolution
		Debug|x86 = Debug|x86
		Release|x86 = Release|x86
	EndGlobalSection
	GlobalSection(ProjectConfigurationPlatforms) = postSolution
		{F1E8B022-195E-4E5E-BE29-7902E29BF2AE}.Debug|x86.ActiveCfg = Debug|x86
		{F1E8B022-195E-4E5E-BE29-7902E29BF2AE}.Debug|x86.Build.0 = Debug|x86
		{F1E8B022-195E-4E5E-BE29-7902E29BF2AE}.Release|x86.ActiveCfg = Release|x86
		{F1E8B022-195E-4E5E-BE29-7902E29BF2AE}.Release|x86.Build.0 = Release|x86
	EndGlobalSection
	GlobalSection(SolutionProperties) = preSolution
		HideSolutionNode = FALSE
	EndGlobalSection
EndGlobal
